
Microsoft Visual Studio Solution File, Format Version 12.00
# Visual Studio Version 17
VisualStudioVersion = 17.5.33516.290
MinimumVisualStudioVersion = 10.0.40219.1
Project("{FAE04EC0-301F-11D3-BF4B-00C04F79EFBC}") = "WindowsFormsApp1", "WindowsFormsApp1\WindowsFormsApp1.csproj", "{793018A1-1452-470E-A606-DD964820FA1A}"
EndProject
Global
	GlobalSection(SolutionConfigurationPlatforms) = preSolution
		Debug|Any CPU = Debug|Any CPU
		Release|Any CPU = Release|Any CPU
	EndGlobalSection
	GlobalSection(ProjectConfigurationPlatforms) = postSolution
		{793018A1-1452-470E-A606-DD964820FA1A}.Debug|Any CPU.ActiveCfg = Debug|Any CPU
		{793018A1-1452-470E-A606-DD964820FA1A}.Debug|Any CPU.Build.0 = Debug|Any CPU
		{793018A1-1452-470E-A606-DD964820FA1A}.Release|Any CPU.ActiveCfg = Release|Any CPU
		{793018A1-1452-470E-A606-DD964820FA1A}.Release|Any CPU.Build.0 = Release|Any CPU
	EndGlobalSection
	GlobalSection(SolutionProperties) = preSolution
		HideSolutionNode = FALSE
	EndGlobalSection
	GlobalSection(ExtensibilityGlobals) = postSolution
		SolutionGuid = {4FE2D9D3-F0AA-48F0-B525-D89816B1B982}
	EndGlobalSection
EndGlobal
